
Microsoft Visual Studio Solution File, Format Version 12.00
# Visual Studio Version 17
VisualStudioVersion = 17.4.33213.308
MinimumVisualStudioVersion = 10.0.40219.1
Project("{FAE04EC0-301F-11D3-BF4B-00C04F79EFBC}") = "SQRT-BI-23", "SQRT-BI-23.csproj", "{F06D695D-B4BD-4C91-B9C4-B907BE4030CF}"
EndProject
Global
	GlobalSection(SolutionConfigurationPlatforms) = preSolution
		Debug|Any CPU = Debug|Any CPU
		Release|Any CPU = Release|Any CPU
	EndGlobalSection
	GlobalSection(ProjectConfigurationPlatforms) = postSolution
		{F06D695D-B4BD-4C91-B9C4-B907BE4030CF}.Debug|Any CPU.ActiveCfg = Debug|Any CPU
		{F06D695D-B4BD-4C91-B9C4-B907BE4030CF}.Debug|Any CPU.Build.0 = Debug|Any CPU
		{F06D695D-B4BD-4C91-B9C4-B907BE4030CF}.Release|Any CPU.ActiveCfg = Release|Any CPU
		{F06D695D-B4BD-4C91-B9C4-B907BE4030CF}.Release|Any CPU.Build.0 = Release|Any CPU
	EndGlobalSection
	GlobalSection(SolutionProperties) = preSolution
		HideSolutionNode = FALSE
	EndGlobalSection
	GlobalSection(ExtensibilityGlobals) = postSolution
		SolutionGuid = {C333B3FF-EC48-4981-892F-AB8CF8945810}
	EndGlobalSection
EndGlobal
